
Microsoft Visual Studio Solution File, Format Version 12.00
# Visual Studio 15
VisualStudioVersion = 15.0.27004.2010
MinimumVisualStudioVersion = 10.0.40219.1
Project("{FAE04EC0-301F-11D3-BF4B-00C04F79EFBC}") = "EntityCrud", "EntityCrud\EntityCrud.csproj", "{2A13265D-AB58-4770-A109-7B837F80309E}"
EndProject
Global
	GlobalSection(SolutionConfigurationPlatforms) = preSolution
		Debug|Any CPU = Debug|Any CPU
		Release|Any CPU = Release|Any CPU
	EndGlobalSection
	GlobalSection(ProjectConfigurationPlatforms) = postSolution
		{2A13265D-AB58-4770-A109-7B837F80309E}.Debug|Any CPU.ActiveCfg = Debug|Any CPU
		{2A13265D-AB58-4770-A109-7B837F80309E}.Debug|Any CPU.Build.0 = Debug|Any CPU
		{2A13265D-AB58-4770-A109-7B837F80309E}.Release|Any CPU.ActiveCfg = Release|Any CPU
		{2A13265D-AB58-4770-A109-7B837F80309E}.Release|Any CPU.Build.0 = Release|Any CPU
	EndGlobalSection
	GlobalSection(SolutionProperties) = preSolution
		HideSolutionNode = FALSE
	EndGlobalSection
	GlobalSection(ExtensibilityGlobals) = postSolution
		SolutionGuid = {D745F9BB-083F-478B-8B92-8DEBD828ACD9}
	EndGlobalSection
EndGlobal
